# @generated - this file is auto-generated by `mise lock` https://mise.jdx.dev/dev-tools/mise-lock.html

lockfile_version = 1

[[tools.node]]
version = "24.21.0"
backend = "core:node"
specifiers = ["24.21.0"]

[tools.node."platforms.linux-arm64"]
checksum = "sha256:724282c3b43aec998aa9527380465b45d229e021b58035f5f4f63095eabfe5d5"
url = "https://nodejs.org/dist/v24.21.0/node-v24.21.0-linux-arm64.tar.gz"

[tools.node."platforms.linux-arm64-musl"]
checksum = "sha256:3048b0811e158ca0d8672b59c839861763e144492980d8d29b369dfee45747e4"
url = "https://unofficial-builds.nodejs.org/download/release/v24.21.0/node-v24.21.0-linux-arm64-musl.tar.gz"

[tools.node."platforms.linux-x64"]
checksum = "sha256:6e1db87ef58b8819e5d5402eff1536491b18edd8eb7bee5ef7897876e88dc5ff"
url = "https://nodejs.org/dist/v24.21.0/node-v24.21.0-linux-x64.tar.gz"

[tools.node."platforms.linux-x64-musl"]
checksum = "sha256:01a713e34da98e7b4d2a3191ee7ca3f93dd0384d1a2ef23c379b2161ee6e133a"
url = "https://unofficial-builds.nodejs.org/download/release/v24.21.0/node-v24.21.0-linux-x64-musl.tar.gz"

[tools.node."platforms.macos-arm64"]
checksum = "sha256:bed7eea5325e1108f32ce5228ddd6a5f0f08a499ee42aa7442aea583702f6057"
url = "https://nodejs.org/dist/v24.21.0/node-v24.21.0-darwin-arm64.tar.gz"

[tools.node."platforms.macos-x64"]
checksum = "sha256:1462cb3b3046b815cf8ea436d3da450ec1a9f11dac7e5a46b0ada5305d7e8097"
url = "https://nodejs.org/dist/v24.21.0/node-v24.21.0-darwin-x64.tar.gz"

[tools.node."platforms.windows-x64"]
checksum = "sha256:158f7685b44de51f6c0df1d153526cbcd3e1bc739a8dfc607721cef75de9e541"
url = "https://nodejs.org/dist/v24.21.0/node-v24.21.0-win-x64.zip"

[[tools.yt-dlp]]
version = "2026.08.19"
backend = "github:yt-dlp/yt-dlp"
specifiers = ["2026.08.19"]

[tools.yt-dlp."platforms.linux-arm64"]
checksum = "sha256:4e27ad43f3a34bacffd078694eb3edbb4e3b378e7da44edab2be02e98555516e"
url = "https://github.com/yt-dlp/yt-dlp/releases/download/2026.08.19/yt-dlp_linux_aarch64.zip"
url_api = "https://api.github.com/repos/yt-dlp/yt-dlp/releases/assets/521488873"
provenance = "github-attestations"

[tools.yt-dlp."platforms.linux-arm64-musl"]
checksum = "sha256:46087f4965f48612d056c6e4b00a0898e8230ba90d709a0a751c7cc5735a1da3"
url = "https://github.com/yt-dlp/yt-dlp/releases/download/2026.08.19/yt-dlp_musllinux_aarch64.zip"
url_api = "https://api.github.com/repos/yt-dlp/yt-dlp/releases/assets/521488908"
provenance = "github-attestations"

[tools.yt-dlp."platforms.linux-x64"]
checksum = "sha256:32e72032766bef9199d99d15beb69fd52e46df8f8b06f0d8745db59e04d339e9"
url = "https://github.com/yt-dlp/yt-dlp/releases/download/2026.08.19/yt-dlp_linux.zip"
url_api = "https://api.github.com/repos/yt-dlp/yt-dlp/releases/assets/521488862"
provenance = "github-attestations"
provenance_verified = true

[tools.yt-dlp."platforms.linux-x64-musl"]
checksum = "sha256:a8a9761628be455368db73ab54a2858da22342084f300f7e0d50bdcbef2acf82"
url = "https://github.com/yt-dlp/yt-dlp/releases/download/2026.08.19/yt-dlp_musllinux.zip"
url_api = "https://api.github.com/repos/yt-dlp/yt-dlp/releases/assets/521488901"
provenance = "github-attestations"

[tools.yt-dlp."platforms.macos-arm64"]
checksum = "sha256:07e54b0865303c864006925913bce2604f8ee8cc6f18699bac9c309f9328a6d8"
url = "https://github.com/yt-dlp/yt-dlp/releases/download/2026.08.19/yt-dlp_macos.zip"
url_api = "https://api.github.com/repos/yt-dlp/yt-dlp/releases/assets/521488891"
provenance = "github-attestations"

[tools.yt-dlp."platforms.macos-x64"]
checksum = "sha256:07e54b0865303c864006925913bce2604f8ee8cc6f18699bac9c309f9328a6d8"
url = "https://github.com/yt-dlp/yt-dlp/releases/download/2026.08.19/yt-dlp_macos.zip"
url_api = "https://api.github.com/repos/yt-dlp/yt-dlp/releases/assets/521488891"
provenance = "github-attestations"

[tools.yt-dlp."platforms.windows-x64"]
checksum = "sha256:dc7c11f014af67f23d9fd989868048abedbce01709ff642a29eb3f7578b802f7"
url = "https://github.com/yt-dlp/yt-dlp/releases/download/2026.08.19/yt-dlp_win_x86.zip"
url_api = "https://api.github.com/repos/yt-dlp/yt-dlp/releases/assets/521488967"
provenance = "github-attestations"
