# @generated - this file is auto-generated by `mise lock` https://mise.jdx.dev/dev-tools/mise-lock.html

lockfile_version = 1

[[tools.deno]]
version = "2.9.7"
backend = "core:deno"
specifiers = ["2.9.7"]

[tools.deno."platforms.linux-arm64"]
checksum = "sha256:c832298b1ad4422481334855f6003e0f54145762c5a134f20a489511d2f65bbf"
url = "https://dl.deno.land/release/v2.9.7/deno-aarch64-unknown-linux-gnu.zip"

[tools.deno."platforms.linux-arm64-musl"]
checksum = "sha256:c832298b1ad4422481334855f6003e0f54145762c5a134f20a489511d2f65bbf"
url = "https://dl.deno.land/release/v2.9.7/deno-aarch64-unknown-linux-gnu.zip"

[tools.deno."platforms.linux-x64"]
checksum = "sha256:c6527f24f4b16031d3ae4fa9f658d5f11534c8d84ce7dc8502420280919c3490"
url = "https://dl.deno.land/release/v2.9.7/deno-x86_64-unknown-linux-gnu.zip"

[tools.deno."platforms.linux-x64-musl"]
checksum = "sha256:c6527f24f4b16031d3ae4fa9f658d5f11534c8d84ce7dc8502420280919c3490"
url = "https://dl.deno.land/release/v2.9.7/deno-x86_64-unknown-linux-gnu.zip"

[tools.deno."platforms.macos-arm64"]
checksum = "sha256:5cd46d6268f6f78f5d88bdc7159d20bd44cdaa4b3303474839f87ec6fe7ae25c"
url = "https://dl.deno.land/release/v2.9.7/deno-aarch64-apple-darwin.zip"

[tools.deno."platforms.macos-x64"]
checksum = "sha256:95daaff11c116a52ad54785e7914c8e9c9cdcaba793c5ed929c74ca2d8e6259a"
url = "https://dl.deno.land/release/v2.9.7/deno-x86_64-apple-darwin.zip"

[tools.deno."platforms.windows-x64"]
checksum = "sha256:a0c3101b4158d1dfb7d6a78a7bf0f3de80c96bb423c152beec8beb22786f2238"
url = "https://dl.deno.land/release/v2.9.7/deno-x86_64-pc-windows-msvc.zip"

[[tools.yt-dlp]]
version = "2026.08.19"
backend = "github:yt-dlp/yt-dlp"
specifiers = ["2026.08.19"]

[tools.yt-dlp."platforms.linux-arm64"]
checksum = "sha256:4e27ad43f3a34bacffd078694eb3edbb4e3b378e7da44edab2be02e98555516e"
url = "https://github.com/yt-dlp/yt-dlp/releases/download/2026.08.19/yt-dlp_linux_aarch64.zip"
url_api = "https://api.github.com/repos/yt-dlp/yt-dlp/releases/assets/521488873"
provenance = "github-attestations"

[tools.yt-dlp."platforms.linux-arm64-musl"]
checksum = "sha256:46087f4965f48612d056c6e4b00a0898e8230ba90d709a0a751c7cc5735a1da3"
url = "https://github.com/yt-dlp/yt-dlp/releases/download/2026.08.19/yt-dlp_musllinux_aarch64.zip"
url_api = "https://api.github.com/repos/yt-dlp/yt-dlp/releases/assets/521488908"
provenance = "github-attestations"

[tools.yt-dlp."platforms.linux-x64"]
checksum = "sha256:32e72032766bef9199d99d15beb69fd52e46df8f8b06f0d8745db59e04d339e9"
url = "https://github.com/yt-dlp/yt-dlp/releases/download/2026.08.19/yt-dlp_linux.zip"
url_api = "https://api.github.com/repos/yt-dlp/yt-dlp/releases/assets/521488862"
provenance = "github-attestations"
provenance_verified = true

[tools.yt-dlp."platforms.linux-x64-musl"]
checksum = "sha256:a8a9761628be455368db73ab54a2858da22342084f300f7e0d50bdcbef2acf82"
url = "https://github.com/yt-dlp/yt-dlp/releases/download/2026.08.19/yt-dlp_musllinux.zip"
url_api = "https://api.github.com/repos/yt-dlp/yt-dlp/releases/assets/521488901"
provenance = "github-attestations"

[tools.yt-dlp."platforms.macos-arm64"]
checksum = "sha256:07e54b0865303c864006925913bce2604f8ee8cc6f18699bac9c309f9328a6d8"
url = "https://github.com/yt-dlp/yt-dlp/releases/download/2026.08.19/yt-dlp_macos.zip"
url_api = "https://api.github.com/repos/yt-dlp/yt-dlp/releases/assets/521488891"
provenance = "github-attestations"

[tools.yt-dlp."platforms.macos-x64"]
checksum = "sha256:07e54b0865303c864006925913bce2604f8ee8cc6f18699bac9c309f9328a6d8"
url = "https://github.com/yt-dlp/yt-dlp/releases/download/2026.08.19/yt-dlp_macos.zip"
url_api = "https://api.github.com/repos/yt-dlp/yt-dlp/releases/assets/521488891"
provenance = "github-attestations"

[tools.yt-dlp."platforms.windows-x64"]
checksum = "sha256:dc7c11f014af67f23d9fd989868048abedbce01709ff642a29eb3f7578b802f7"
url = "https://github.com/yt-dlp/yt-dlp/releases/download/2026.08.19/yt-dlp_win_x86.zip"
url_api = "https://api.github.com/repos/yt-dlp/yt-dlp/releases/assets/521488967"
provenance = "github-attestations"
